
Microsoft Visual Studio Solution File, Format Version 12.00
# Visual Studio Version 17
VisualStudioVersion = 17.8.34330.188
MinimumVisualStudioVersion = 10.0.40219.1
Project("{9A19103F-16F7-4668-BE54-9A1E7A4F7556}") = "TaskManagerAPI", "TaskManagerAPI\TaskManagerAPI.csproj", "{75CFB9F2-E0B6-47A3-93C7-821202EEBD95}"
EndProject
Project("{9A19103F-16F7-4668-BE54-9A1E7A4F7556}") = "TaskManagerAPI.Tests", "TesteTaskManager\TaskManagerAPI.Tests.csproj", "{E4BD4E84-B8DC-4BBC-8AB4-96BDA614F129}"
EndProject
Project("{54A90642-561A-4BB1-A94E-469ADEE60C69}") = "task-manager-frontend", "TaskManagerFrontEnd\task-manager-frontend.esproj", "{33CC9488-03D9-4BF5-AFF1-60B688DE4015}"
EndProject
Global
	GlobalSection(SolutionConfigurationPlatforms) = preSolution
		Debug|Any CPU = Debug|Any CPU
		Release|Any CPU = Release|Any CPU
	EndGlobalSection
	GlobalSection(ProjectConfigurationPlatforms) = postSolution
		{75CFB9F2-E0B6-47A3-93C7-821202EEBD95}.Debug|Any CPU.ActiveCfg = Debug|Any CPU
		{75CFB9F2-E0B6-47A3-93C7-821202EEBD95}.Debug|Any CPU.Build.0 = Debug|Any CPU
		{75CFB9F2-E0B6-47A3-93C7-821202EEBD95}.Release|Any CPU.ActiveCfg = Release|Any CPU
		{75CFB9F2-E0B6-47A3-93C7-821202EEBD95}.Release|Any CPU.Build.0 = Release|Any CPU
		{E4BD4E84-B8DC-4BBC-8AB4-96BDA614F129}.Debug|Any CPU.ActiveCfg = Debug|Any CPU
		{E4BD4E84-B8DC-4BBC-8AB4-96BDA614F129}.Debug|Any CPU.Build.0 = Debug|Any CPU
		{E4BD4E84-B8DC-4BBC-8AB4-96BDA614F129}.Release|Any CPU.ActiveCfg = Release|Any CPU
		{E4BD4E84-B8DC-4BBC-8AB4-96BDA614F129}.Release|Any CPU.Build.0 = Release|Any CPU
		{33CC9488-03D9-4BF5-AFF1-60B688DE4015}.Debug|Any CPU.ActiveCfg = Debug|Any CPU
		{33CC9488-03D9-4BF5-AFF1-60B688DE4015}.Debug|Any CPU.Build.0 = Debug|Any CPU
		{33CC9488-03D9-4BF5-AFF1-60B688DE4015}.Debug|Any CPU.Deploy.0 = Debug|Any CPU
		{33CC9488-03D9-4BF5-AFF1-60B688DE4015}.Release|Any CPU.ActiveCfg = Release|Any CPU
		{33CC9488-03D9-4BF5-AFF1-60B688DE4015}.Release|Any CPU.Build.0 = Release|Any CPU
		{33CC9488-03D9-4BF5-AFF1-60B688DE4015}.Release|Any CPU.Deploy.0 = Release|Any CPU
	EndGlobalSection
	GlobalSection(SolutionProperties) = preSolution
		HideSolutionNode = FALSE
	EndGlobalSection
	GlobalSection(ExtensibilityGlobals) = postSolution
		SolutionGuid = {30FDFF0C-0A2A-4638-8542-31E60086CE24}
	EndGlobalSection
EndGlobal
